
Microsoft Visual Studio Solution File, Format Version 12.00
# Visual Studio Version 16
VisualStudioVersion = 16.0.30406.217
MinimumVisualStudioVersion = 10.0.40219.1
Project("{151D2E53-A2C4-4D7D-83FE-D05416EBD58E}") = "Ai4Good_AzureSetup", "Ai4Good_AzureSetup\Ai4Good_AzureSetup.deployproj", "{A342E5E9-DC99-420B-B9D8-FD12AEC2359B}"
EndProject
Global
	GlobalSection(SolutionConfigurationPlatforms) = preSolution
		Debug|Any CPU = Debug|Any CPU
		Release|Any CPU = Release|Any CPU
	EndGlobalSection
	GlobalSection(ProjectConfigurationPlatforms) = postSolution
		{A342E5E9-DC99-420B-B9D8-FD12AEC2359B}.Debug|Any CPU.ActiveCfg = Debug|Any CPU
		{A342E5E9-DC99-420B-B9D8-FD12AEC2359B}.Debug|Any CPU.Build.0 = Debug|Any CPU
		{A342E5E9-DC99-420B-B9D8-FD12AEC2359B}.Release|Any CPU.ActiveCfg = Release|Any CPU
		{A342E5E9-DC99-420B-B9D8-FD12AEC2359B}.Release|Any CPU.Build.0 = Release|Any CPU
	EndGlobalSection
	GlobalSection(SolutionProperties) = preSolution
		HideSolutionNode = FALSE
	EndGlobalSection
	GlobalSection(ExtensibilityGlobals) = postSolution
		SolutionGuid = {A0F8CA6C-8C1D-42CD-BE07-724CE43947EF}
	EndGlobalSection
EndGlobal
